
Microsoft Visual Studio Solution File, Format Version 12.00
# Visual Studio 15
Project("{FAE04EC0-301F-11D3-BF4B-00C04F79EFBC}") = "Assembly-CSharp", "Assembly-CSharp.csproj", "{47D5E95A-57EB-E83E-885E-11B679C71285}"
EndProject
Project("{FAE04EC0-301F-11D3-BF4B-00C04F79EFBC}") = "Assembly-CSharp-Editor", "Assembly-CSharp-Editor.csproj", "{C3B7A2ED-6869-7E98-8E1C-63B9D4AAC91C}"
EndProject
Global
	GlobalSection(SolutionConfigurationPlatforms) = preSolution
		Debug|Any CPU = Debug|Any CPU
		Release|Any CPU = Release|Any CPU
	EndGlobalSection
	GlobalSection(ProjectConfigurationPlatforms) = postSolution
		{47D5E95A-57EB-E83E-885E-11B679C71285}.Debug|Any CPU.ActiveCfg = Debug|Any CPU
		{47D5E95A-57EB-E83E-885E-11B679C71285}.Debug|Any CPU.Build.0 = Debug|Any CPU
		{47D5E95A-57EB-E83E-885E-11B679C71285}.Release|Any CPU.ActiveCfg = Release|Any CPU
		{47D5E95A-57EB-E83E-885E-11B679C71285}.Release|Any CPU.Build.0 = Release|Any CPU
		{C3B7A2ED-6869-7E98-8E1C-63B9D4AAC91C}.Debug|Any CPU.ActiveCfg = Debug|Any CPU
		{C3B7A2ED-6869-7E98-8E1C-63B9D4AAC91C}.Debug|Any CPU.Build.0 = Debug|Any CPU
		{C3B7A2ED-6869-7E98-8E1C-63B9D4AAC91C}.Release|Any CPU.ActiveCfg = Release|Any CPU
		{C3B7A2ED-6869-7E98-8E1C-63B9D4AAC91C}.Release|Any CPU.Build.0 = Release|Any CPU
	EndGlobalSection
	GlobalSection(SolutionProperties) = preSolution
		HideSolutionNode = FALSE
	EndGlobalSection
EndGlobal
